// !$*UTF8*$!
{
	archiveVersion = 1;
	classes = {
	};
	objectVersion = 46;
	objects = {

/* Begin PBXBuildFile section */
		410CDD1619D79EB90011D1EA /* MeasurementView.swift in Sources */ = {isa = PBXBuildFile; fileRef = 410CDD1519D79EB80011D1EA /* MeasurementView.swift */; };
		411401C519D89B3A0086D16D /* DeleteView.swift in Sources */ = {isa = PBXBuildFile; fileRef = 411401C419D89B3A0086D16D /* DeleteView.swift */; };
		411401C719D8A52D0086D16D /* OverlayView.swift in Sources */ = {isa = PBXBuildFile; fileRef = 411401C619D8A52D0086D16D /* OverlayView.swift */; };
		417C0B3A19D757420073D66A /* ImageContainerView.swift in Sources */ = {isa = PBXBuildFile; fileRef = 417C0B3919D757420073D66A /* ImageContainerView.swift */; };
		41ADC21819D648860093C1CD /* ColorPinView.swift in Sources */ = {isa = PBXBuildFile; fileRef = 41ADC21719D648860093C1CD /* ColorPinView.swift */; };
		9D5A404719D65234002903B0 /* RulerView.swift in Sources */ = {isa = PBXBuildFile; fileRef = 9D5A404619D65234002903B0 /* RulerView.swift */; };
		9D95114219D4E688004B6709 /* AppDelegate.swift in Sources */ = {isa = PBXBuildFile; fileRef = 9D95114119D4E688004B6709 /* AppDelegate.swift */; };
		9D95114419D4E688004B6709 /* ViewController.swift in Sources */ = {isa = PBXBuildFile; fileRef = 9D95114319D4E688004B6709 /* ViewController.swift */; };
		9D95114719D4E688004B6709 /* Main.storyboard in Resources */ = {isa = PBXBuildFile; fileRef = 9D95114519D4E688004B6709 /* Main.storyboard */; };
		9D95114919D4E688004B6709 /* Images.xcassets in Resources */ = {isa = PBXBuildFile; fileRef = 9D95114819D4E688004B6709 /* Images.xcassets */; };
		9D95114C19D4E688004B6709 /* LaunchScreen.xib in Resources */ = {isa = PBXBuildFile; fileRef = 9D95114A19D4E688004B6709 /* LaunchScreen.xib */; };
		9D95115819D4E688004B6709 /* Pixel_DataTests.swift in Sources */ = {isa = PBXBuildFile; fileRef = 9D95115719D4E688004B6709 /* Pixel_DataTests.swift */; };
/* End PBXBuildFile section */

/* Begin PBXContainerItemProxy section */
		9D95115219D4E688004B6709 /* PBXContainerItemProxy */ = {
			isa = PBXContainerItemProxy;
			containerPortal = 9D95113419D4E688004B6709 /* Project object */;
			proxyType = 1;
			remoteGlobalIDString = 9D95113B19D4E688004B6709;
			remoteInfo = "Pixel Data";
		};
/* End PBXContainerItemProxy section */

/* Begin PBXFileReference section */
		410CDD1519D79EB80011D1EA /* MeasurementView.swift */ = {isa = PBXFileReference; fileEncoding = 4; lastKnownFileType = sourcecode.swift; path = MeasurementView.swift; sourceTree = "<group>"; };
		411401C419D89B3A0086D16D /* DeleteView.swift */ = {isa = PBXFileReference; fileEncoding = 4; lastKnownFileType = sourcecode.swift; path = DeleteView.swift; sourceTree = "<group>"; };
		411401C619D8A52D0086D16D /* OverlayView.swift */ = {isa = PBXFileReference; fileEncoding = 4; lastKnownFileType = sourcecode.swift; path = OverlayView.swift; sourceTree = "<group>"; };
		417C0B3919D757420073D66A /* ImageContainerView.swift */ = {isa = PBXFileReference; fileEncoding = 4; lastKnownFileType = sourcecode.swift; path = ImageContainerView.swift; sourceTree = "<group>"; };
		41ADC21719D648860093C1CD /* ColorPinView.swift */ = {isa = PBXFileReference; fileEncoding = 4; lastKnownFileType = sourcecode.swift; path = ColorPinView.swift; sourceTree = "<group>"; };
		9D5A404619D65234002903B0 /* RulerView.swift */ = {isa = PBXFileReference; fileEncoding = 4; lastKnownFileType = sourcecode.swift; path = RulerView.swift; sourceTree = "<group>"; };
		9D95113C19D4E688004B6709 /* Pixel Data.app */ = {isa = PBXFileReference; explicitFileType = wrapper.application; includeInIndex = 0; path = "Pixel Data.app"; sourceTree = BUILT_PRODUCTS_DIR; };
		9D95114019D4E688004B6709 /* Info.plist */ = {isa = PBXFileReference; lastKnownFileType = text.plist.xml; path = Info.plist; sourceTree = "<group>"; };
		9D95114119D4E688004B6709 /* AppDelegate.swift */ = {isa = PBXFileReference; lastKnownFileType = sourcecode.swift; path = AppDelegate.swift; sourceTree = "<group>"; };
		9D95114319D4E688004B6709 /* ViewController.swift */ = {isa = PBXFileReference; lastKnownFileType = sourcecode.swift; path = ViewController.swift; sourceTree = "<group>"; };
		9D95114619D4E688004B6709 /* Base */ = {isa = PBXFileReference; lastKnownFileType = file.storyboard; name = Base; path = Base.lproj/Main.storyboard; sourceTree = "<group>"; };
		9D95114819D4E688004B6709 /* Images.xcassets */ = {isa = PBXFileReference; lastKnownFileType = folder.assetcatalog; path = Images.xcassets; sourceTree = "<group>"; };
		9D95114B19D4E688004B6709 /* Base */ = {isa = PBXFileReference; lastKnownFileType = file.xib; name = Base; path = Base.lproj/LaunchScreen.xib; sourceTree = "<group>"; };
		9D95115119D4E688004B6709 /* Pixel DataTests.xctest */ = {isa = PBXFileReference; explicitFileType = wrapper.cfbundle; includeInIndex = 0; path = "Pixel DataTests.xctest"; sourceTree = BUILT_PRODUCTS_DIR; };
		9D95115619D4E688004B6709 /* Info.plist */ = {isa = PBXFileReference; lastKnownFileType = text.plist.xml; path = Info.plist; sourceTree = "<group>"; };
		9D95115719D4E688004B6709 /* Pixel_DataTests.swift */ = {isa = PBXFileReference; lastKnownFileType = sourcecode.swift; path = Pixel_DataTests.swift; sourceTree = "<group>"; };
/* End PBXFileReference section */

/* Begin PBXFrameworksBuildPhase section */
		9D95113919D4E688004B6709 /* Frameworks */ = {
			isa = PBXFrameworksBuildPhase;
			buildActionMask = 2147483647;
			files = (
			);
			runOnlyForDeploymentPostprocessing = 0;
		};
		9D95114E19D4E688004B6709 /* Frameworks */ = {
			isa = PBXFrameworksBuildPhase;
			buildActionMask = 2147483647;
			files = (
			);
			runOnlyForDeploymentPostprocessing = 0;
		};
/* End PBXFrameworksBuildPhase section */

/* Begin PBXGroup section */
		9D95113319D4E688004B6709 = {
			isa = PBXGroup;
			children = (
				9D95113E19D4E688004B6709 /* Pixel Data */,
				9D95115419D4E688004B6709 /* Pixel DataTests */,
				9D95113D19D4E688004B6709 /* Products */,
			);
			sourceTree = "<group>";
		};
		9D95113D19D4E688004B6709 /* Products */ = {
			isa = PBXGroup;
			children = (
				9D95113C19D4E688004B6709 /* Pixel Data.app */,
				9D95115119D4E688004B6709 /* Pixel DataTests.xctest */,
			);
			name = Products;
			sourceTree = "<group>";
		};
		9D95113E19D4E688004B6709 /* Pixel Data */ = {
			isa = PBXGroup;
			children = (
				9D95114119D4E688004B6709 /* AppDelegate.swift */,
				9D5A404619D65234002903B0 /* RulerView.swift */,
				9D95114319D4E688004B6709 /* ViewController.swift */,
				9D95114519D4E688004B6709 /* Main.storyboard */,
				9D95114819D4E688004B6709 /* Images.xcassets */,
				9D95114A19D4E688004B6709 /* LaunchScreen.xib */,
				9D95113F19D4E688004B6709 /* Supporting Files */,
				417C0B3919D757420073D66A /* ImageContainerView.swift */,
				411401C619D8A52D0086D16D /* OverlayView.swift */,
				41ADC21719D648860093C1CD /* ColorPinView.swift */,
				410CDD1519D79EB80011D1EA /* MeasurementView.swift */,
				411401C419D89B3A0086D16D /* DeleteView.swift */,
			);
			path = "Pixel Data";
			sourceTree = "<group>";
		};
		9D95113F19D4E688004B6709 /* Supporting Files */ = {
			isa = PBXGroup;
			children = (
				9D95114019D4E688004B6709 /* Info.plist */,
			);
			name = "Supporting Files";
			sourceTree = "<group>";
		};
		9D95115419D4E688004B6709 /* Pixel DataTests */ = {
			isa = PBXGroup;
			children = (
				9D95115719D4E688004B6709 /* Pixel_DataTests.swift */,
				9D95115519D4E688004B6709 /* Supporting Files */,
			);
			path = "Pixel DataTests";
			sourceTree = "<group>";
		};
		9D95115519D4E688004B6709 /* Supporting Files */ = {
			isa = PBXGroup;
			children = (
				9D95115619D4E688004B6709 /* Info.plist */,
			);
			name = "Supporting Files";
			sourceTree = "<group>";
		};
/* End PBXGroup section */

/* Begin PBXNativeTarget section */
		9D95113B19D4E688004B6709 /* Pixel Data */ = {
			isa = PBXNativeTarget;
			buildConfigurationList = 9D95115B19D4E688004B6709 /* Build configuration list for PBXNativeTarget "Pixel Data" */;
			buildPhases = (
				9D95113819D4E688004B6709 /* Sources */,
				9D95113919D4E688004B6709 /* Frameworks */,
				9D95113A19D4E688004B6709 /* Resources */,
			);
			buildRules = (
			);
			dependencies = (
			);
			name = "Pixel Data";
			productName = "Pixel Data";
			productReference = 9D95113C19D4E688004B6709 /* Pixel Data.app */;
			productType = "com.apple.product-type.application";
		};
		9D95115019D4E688004B6709 /* Pixel DataTests */ = {
			isa = PBXNativeTarget;
			buildConfigurationList = 9D95115E19D4E688004B6709 /* Build configuration list for PBXNativeTarget "Pixel DataTests" */;
			buildPhases = (
				9D95114D19D4E688004B6709 /* Sources */,
				9D95114E19D4E688004B6709 /* Frameworks */,
				9D95114F19D4E688004B6709 /* Resources */,
			);
			buildRules = (
			);
			dependencies = (
				9D95115319D4E688004B6709 /* PBXTargetDependency */,
			);
			name = "Pixel DataTests";
			productName = "Pixel DataTests";
			productReference = 9D95115119D4E688004B6709 /* Pixel DataTests.xctest */;
			productType = "com.apple.product-type.bundle.unit-test";
		};
/* End PBXNativeTarget section */

/* Begin PBXProject section */
		9D95113419D4E688004B6709 /* Project object */ = {
			isa = PBXProject;
			attributes = {
				LastUpgradeCheck = 0600;
				ORGANIZATIONNAME = "Jeffrey Sun";
				TargetAttributes = {
					9D95113B19D4E688004B6709 = {
						CreatedOnToolsVersion = 6.0;
						DevelopmentTeam = X529DYN7TE;
					};
					9D95115019D4E688004B6709 = {
						CreatedOnToolsVersion = 6.0;
						TestTargetID = 9D95113B19D4E688004B6709;
					};
				};
			};
			buildConfigurationList = 9D95113719D4E688004B6709 /* Build configuration list for PBXProject "Pixel Data" */;
			compatibilityVersion = "Xcode 3.2";
			developmentRegion = English;
			hasScannedForEncodings = 0;
			knownRegions = (
				en,
				Base,
			);
			mainGroup = 9D95113319D4E688004B6709;
			productRefGroup = 9D95113D19D4E688004B6709 /* Products */;
			projectDirPath = "";
			projectRoot = "";
			targets = (
				9D95113B19D4E688004B6709 /* Pixel Data */,
				9D95115019D4E688004B6709 /* Pixel DataTests */,
			);
		};
/* End PBXProject section */

/* Begin PBXResourcesBuildPhase section */
		9D95113A19D4E688004B6709 /* Resources */ = {
			isa = PBXResourcesBuildPhase;
			buildActionMask = 2147483647;
			files = (
				9D95114719D4E688004B6709 /* Main.storyboard in Resources */,
				9D95114C19D4E688004B6709 /* LaunchScreen.xib in Resources */,
				9D95114919D4E688004B6709 /* Images.xcassets in Resources */,
			);
			runOnlyForDeploymentPostprocessing = 0;
		};
		9D95114F19D4E688004B6709 /* Resources */ = {
			isa = PBXResourcesBuildPhase;
			buildActionMask = 2147483647;
			files = (
			);
			runOnlyForDeploymentPostprocessing = 0;
		};
/* End PBXResourcesBuildPhase section */

/* Begin PBXSourcesBuildPhase section */
		9D95113819D4E688004B6709 /* Sources */ = {
			isa = PBXSourcesBuildPhase;
			buildActionMask = 2147483647;
			files = (
				411401C519D89B3A0086D16D /* DeleteView.swift in Sources */,
				411401C719D8A52D0086D16D /* OverlayView.swift in Sources */,
				9D95114419D4E688004B6709 /* ViewController.swift in Sources */,
				417C0B3A19D757420073D66A /* ImageContainerView.swift in Sources */,
				41ADC21819D648860093C1CD /* ColorPinView.swift in Sources */,
				9D95114219D4E688004B6709 /* AppDelegate.swift in Sources */,
				9D5A404719D65234002903B0 /* RulerView.swift in Sources */,
				410CDD1619D79EB90011D1EA /* MeasurementView.swift in Sources */,
			);
			runOnlyForDeploymentPostprocessing = 0;
		};
		9D95114D19D4E688004B6709 /* Sources */ = {
			isa = PBXSourcesBuildPhase;
			buildActionMask = 2147483647;
			files = (
				9D95115819D4E688004B6709 /* Pixel_DataTests.swift in Sources */,
			);
			runOnlyForDeploymentPostprocessing = 0;
		};
/* End PBXSourcesBuildPhase section */

/* Begin PBXTargetDependency section */
		9D95115319D4E688004B6709 /* PBXTargetDependency */ = {
			isa = PBXTargetDependency;
			target = 9D95113B19D4E688004B6709 /* Pixel Data */;
			targetProxy = 9D95115219D4E688004B6709 /* PBXContainerItemProxy */;
		};
/* End PBXTargetDependency section */

/* Begin PBXVariantGroup section */
		9D95114519D4E688004B6709 /* Main.storyboard */ = {
			isa = PBXVariantGroup;
			children = (
				9D95114619D4E688004B6709 /* Base */,
			);
			name = Main.storyboard;
			sourceTree = "<group>";
		};
		9D95114A19D4E688004B6709 /* LaunchScreen.xib */ = {
			isa = PBXVariantGroup;
			children = (
				9D95114B19D4E688004B6709 /* Base */,
			);
			name = LaunchScreen.xib;
			sourceTree = "<group>";
		};
/* End PBXVariantGroup section */

/* Begin XCBuildConfiguration section */
		9D95115919D4E688004B6709 /* Debug */ = {
			isa = XCBuildConfiguration;
			buildSettings = {
				ALWAYS_SEARCH_USER_PATHS = NO;
				CLANG_CXX_LANGUAGE_STANDARD = "gnu++0x";
				CLANG_CXX_LIBRARY = "libc++";
				CLANG_ENABLE_MODULES = YES;
				CLANG_ENABLE_OBJC_ARC = YES;
				CLANG_WARN_BOOL_CONVERSION = YES;
				CLANG_WARN_CONSTANT_CONVERSION = YES;
				CLANG_WARN_DIRECT_OBJC_ISA_USAGE = YES_ERROR;
				CLANG_WARN_EMPTY_BODY = YES;
				CLANG_WARN_ENUM_CONVERSION = YES;
				CLANG_WARN_INT_CONVERSION = YES;
				CLANG_WARN_OBJC_ROOT_CLASS = YES_ERROR;
				CLANG_WARN_UNREACHABLE_CODE = YES;
				CLANG_WARN__DUPLICATE_METHOD_MATCH = YES;
				"CODE_SIGN_IDENTITY[sdk=iphoneos*]" = "iPhone Developer";
				COPY_PHASE_STRIP = NO;
				ENABLE_STRICT_OBJC_MSGSEND = YES;
				GCC_C_LANGUAGE_STANDARD = gnu99;
				GCC_DYNAMIC_NO_PIC = NO;
				GCC_OPTIMIZATION_LEVEL = 0;
				GCC_PREPROCESSOR_DEFINITIONS = (
					"DEBUG=1",
					"$(inherited)",
				);
				GCC_SYMBOLS_PRIVATE_EXTERN = NO;
				GCC_WARN_64_TO_32_BIT_CONVERSION = YES;
				GCC_WARN_ABOUT_RETURN_TYPE = YES_ERROR;
				GCC_WARN_UNDECLARED_SELECTOR = YES;
				GCC_WARN_UNINITIALIZED_AUTOS = YES_AGGRESSIVE;
				GCC_WARN_UNUSED_FUNCTION = YES;
				GCC_WARN_UNUSED_VARIABLE = YES;
				IPHONEOS_DEPLOYMENT_TARGET = 8.0;
				MTL_ENABLE_DEBUG_INFO = YES;
				ONLY_ACTIVE_ARCH = YES;
				SDKROOT = iphoneos;
				SWIFT_OPTIMIZATION_LEVEL = "-Onone";
			};
			name = Debug;
		};
		9D95115A19D4E688004B6709 /* Release */ = {
			isa = XCBuildConfiguration;
			buildSettings = {
				ALWAYS_SEARCH_USER_PATHS = NO;
				CLANG_CXX_LANGUAGE_STANDARD = "gnu++0x";
				CLANG_CXX_LIBRARY = "libc++";
				CLANG_ENABLE_MODULES = YES;
				CLANG_ENABLE_OBJC_ARC = YES;
				CLANG_WARN_BOOL_CONVERSION = YES;
				CLANG_WARN_CONSTANT_CONVERSION = YES;
				CLANG_WARN_DIRECT_OBJC_ISA_USAGE = YES_ERROR;
				CLANG_WARN_EMPTY_BODY = YES;
				CLANG_WARN_ENUM_CONVERSION = YES;
				CLANG_WARN_INT_CONVERSION = YES;
				CLANG_WARN_OBJC_ROOT_CLASS = YES_ERROR;
				CLANG_WARN_UNREACHABLE_CODE = YES;
				CLANG_WARN__DUPLICATE_METHOD_MATCH = YES;
				"CODE_SIGN_IDENTITY[sdk=iphoneos*]" = "iPhone Developer";
				COPY_PHASE_STRIP = YES;
				ENABLE_NS_ASSERTIONS = NO;
				ENABLE_STRICT_OBJC_MSGSEND = YES;
				GCC_C_LANGUAGE_STANDARD = gnu99;
				GCC_WARN_64_TO_32_BIT_CONVERSION = YES;
				GCC_WARN_ABOUT_RETURN_TYPE = YES_ERROR;
				GCC_WARN_UNDECLARED_SELECTOR = YES;
				GCC_WARN_UNINITIALIZED_AUTOS = YES_AGGRESSIVE;
				GCC_WARN_UNUSED_FUNCTION = YES;
				GCC_WARN_UNUSED_VARIABLE = YES;
				IPHONEOS_DEPLOYMENT_TARGET = 8.0;
				MTL_ENABLE_DEBUG_INFO = NO;
				SDKROOT = iphoneos;
				VALIDATE_PRODUCT = YES;
			};
			name = Release;
		};
		9D95115C19D4E688004B6709 /* Debug */ = {
			isa = XCBuildConfiguration;
			buildSettings = {
				ASSETCATALOG_COMPILER_APPICON_NAME = AppIcon;
				CODE_SIGN_IDENTITY = "iPhone Developer";
				"CODE_SIGN_IDENTITY[sdk=iphoneos*]" = "iPhone Developer";
				INFOPLIST_FILE = "Pixel Data/Info.plist";
				LD_RUNPATH_SEARCH_PATHS = "$(inherited) @executable_path/Frameworks";
				PRODUCT_NAME = "$(TARGET_NAME)";
				PROVISIONING_PROFILE = "";
				TARGETED_DEVICE_FAMILY = "1,2";
			};
			name = Debug;
		};
		9D95115D19D4E688004B6709 /* Release */ = {
			isa = XCBuildConfiguration;
			buildSettings = {
				ASSETCATALOG_COMPILER_APPICON_NAME = AppIcon;
				CODE_SIGN_IDENTITY = "iPhone Developer";
				"CODE_SIGN_IDENTITY[sdk=iphoneos*]" = "iPhone Developer";
				INFOPLIST_FILE = "Pixel Data/Info.plist";
				LD_RUNPATH_SEARCH_PATHS = "$(inherited) @executable_path/Frameworks";
				PRODUCT_NAME = "$(TARGET_NAME)";
				PROVISIONING_PROFILE = "";
				TARGETED_DEVICE_FAMILY = "1,2";
			};
			name = Release;
		};
		9D95115F19D4E688004B6709 /* Debug */ = {
			isa = XCBuildConfiguration;
			buildSettings = {
				BUNDLE_LOADER = "$(TEST_HOST)";
				FRAMEWORK_SEARCH_PATHS = (
					"$(SDKROOT)/Developer/Library/Frameworks",
					"$(inherited)",
				);
				GCC_PREPROCESSOR_DEFINITIONS = (
					"DEBUG=1",
					"$(inherited)",
				);
				INFOPLIST_FILE = "Pixel DataTests/Info.plist";
				LD_RUNPATH_SEARCH_PATHS = "$(inherited) @executable_path/Frameworks @loader_path/Frameworks";
				PRODUCT_NAME = "$(TARGET_NAME)";
				TEST_HOST = "$(BUILT_PRODUCTS_DIR)/Pixel Data.app/Pixel Data";
			};
			name = Debug;
		};
		9D95116019D4E688004B6709 /* Release */ = {
			isa = XCBuildConfiguration;
			buildSettings = {
				BUNDLE_LOADER = "$(TEST_HOST)";
				FRAMEWORK_SEARCH_PATHS = (
					"$(SDKROOT)/Developer/Library/Frameworks",
					"$(inherited)",
				);
				INFOPLIST_FILE = "Pixel DataTests/Info.plist";
				LD_RUNPATH_SEARCH_PATHS = "$(inherited) @executable_path/Frameworks @loader_path/Frameworks";
				PRODUCT_NAME = "$(TARGET_NAME)";
				TEST_HOST = "$(BUILT_PRODUCTS_DIR)/Pixel Data.app/Pixel Data";
			};
			name = Release;
		};
/* End XCBuildConfiguration section */

/* Begin XCConfigurationList section */
		9D95113719D4E688004B6709 /* Build configuration list for PBXProject "Pixel Data" */ = {
			isa = XCConfigurationList;
			buildConfigurations = (
				9D95115919D4E688004B6709 /* Debug */,
				9D95115A19D4E688004B6709 /* Release */,
			);
			defaultConfigurationIsVisible = 0;
			defaultConfigurationName = Release;
		};
		9D95115B19D4E688004B6709 /* Build configuration list for PBXNativeTarget "Pixel Data" */ = {
			isa = XCConfigurationList;
			buildConfigurations = (
				9D95115C19D4E688004B6709 /* Debug */,
				9D95115D19D4E688004B6709 /* Release */,
			);
			defaultConfigurationIsVisible = 0;
			defaultConfigurationName = Release;
		};
		9D95115E19D4E688004B6709 /* Build configuration list for PBXNativeTarget "Pixel DataTests" */ = {
			isa = XCConfigurationList;
			buildConfigurations = (
				9D95115F19D4E688004B6709 /* Debug */,
				9D95116019D4E688004B6709 /* Release */,
			);
			defaultConfigurationIsVisible = 0;
			defaultConfigurationName = Release;
		};
/* End XCConfigurationList section */
	};
	rootObject = 9D95113419D4E688004B6709 /* Project object */;
}
